
Microsoft Visual Studio Solution File, Format Version 12.00
# Visual Studio Version 17
VisualStudioVersion = 17.7.34202.233
MinimumVisualStudioVersion = 10.0.40219.1
Project("{FAE04EC0-301F-11D3-BF4B-00C04F79EFBC}") = "Practica16", "Practica16.csproj", "{1760754F-6669-4F6E-9844-172FC7633DDE}"
EndProject
Global
	GlobalSection(SolutionConfigurationPlatforms) = preSolution
		Debug|Any CPU = Debug|Any CPU
		Release|Any CPU = Release|Any CPU
	EndGlobalSection
	GlobalSection(ProjectConfigurationPlatforms) = postSolution
		{1760754F-6669-4F6E-9844-172FC7633DDE}.Debug|Any CPU.ActiveCfg = Debug|Any CPU
		{1760754F-6669-4F6E-9844-172FC7633DDE}.Debug|Any CPU.Build.0 = Debug|Any CPU
		{1760754F-6669-4F6E-9844-172FC7633DDE}.Release|Any CPU.ActiveCfg = Release|Any CPU
		{1760754F-6669-4F6E-9844-172FC7633DDE}.Release|Any CPU.Build.0 = Release|Any CPU
	EndGlobalSection
	GlobalSection(SolutionProperties) = preSolution
		HideSolutionNode = FALSE
	EndGlobalSection
	GlobalSection(ExtensibilityGlobals) = postSolution
		SolutionGuid = {AFDE904B-582C-464C-A951-EA25121F51A0}
	EndGlobalSection
EndGlobal
